// !$*UTF8*$!
{
	archiveVersion = 1;
	classes = {
	};
	objectVersion = 46;
	objects = {

/* Begin PBXBuildFile section */
		A4C2BC76187D40DD0064FF72 /* Foundation.framework in Frameworks */ = {isa = PBXBuildFile; fileRef = A4C2BC75187D40DD0064FF72 /* Foundation.framework */; };
		A4C2BC78187D40DD0064FF72 /* CoreGraphics.framework in Frameworks */ = {isa = PBXBuildFile; fileRef = A4C2BC77187D40DD0064FF72 /* CoreGraphics.framework */; };
		A4C2BC7A187D40DD0064FF72 /* UIKit.framework in Frameworks */ = {isa = PBXBuildFile; fileRef = A4C2BC79187D40DD0064FF72 /* UIKit.framework */; };
		A4C2BC80187D40DD0064FF72 /* InfoPlist.strings in Resources */ = {isa = PBXBuildFile; fileRef = A4C2BC7E187D40DD0064FF72 /* InfoPlist.strings */; };
		A4C2BC82187D40DD0064FF72 /* main.m in Sources */ = {isa = PBXBuildFile; fileRef = A4C2BC81187D40DD0064FF72 /* main.m */; };
		A4C2BC86187D40DD0064FF72 /* AppDelegate.m in Sources */ = {isa = PBXBuildFile; fileRef = A4C2BC85187D40DD0064FF72 /* AppDelegate.m */; };
		A4C2BC89187D40DD0064FF72 /* Main_iPhone.storyboard in Resources */ = {isa = PBXBuildFile; fileRef = A4C2BC87187D40DD0064FF72 /* Main_iPhone.storyboard */; };
		A4C2BC8C187D40DD0064FF72 /* Main_iPad.storyboard in Resources */ = {isa = PBXBuildFile; fileRef = A4C2BC8A187D40DD0064FF72 /* Main_iPad.storyboard */; };
		A4C2BC8F187D40DD0064FF72 /* ViewController.m in Sources */ = {isa = PBXBuildFile; fileRef = A4C2BC8E187D40DD0064FF72 /* ViewController.m */; };
		A4C2BC91187D40DD0064FF72 /* Images.xcassets in Resources */ = {isa = PBXBuildFile; fileRef = A4C2BC90187D40DD0064FF72 /* Images.xcassets */; };
		A4C2BC98187D40DD0064FF72 /* XCTest.framework in Frameworks */ = {isa = PBXBuildFile; fileRef = A4C2BC97187D40DD0064FF72 /* XCTest.framework */; };
		A4C2BC99187D40DD0064FF72 /* Foundation.framework in Frameworks */ = {isa = PBXBuildFile; fileRef = A4C2BC75187D40DD0064FF72 /* Foundation.framework */; };
		A4C2BC9A187D40DD0064FF72 /* UIKit.framework in Frameworks */ = {isa = PBXBuildFile; fileRef = A4C2BC79187D40DD0064FF72 /* UIKit.framework */; };
		A4C2BCA2187D40DD0064FF72 /* InfoPlist.strings in Resources */ = {isa = PBXBuildFile; fileRef = A4C2BCA0187D40DD0064FF72 /* InfoPlist.strings */; };
		A4C2BCA4187D40DD0064FF72 /* MapTests.m in Sources */ = {isa = PBXBuildFile; fileRef = A4C2BCA3187D40DD0064FF72 /* MapTests.m */; };
/* End PBXBuildFile section */

/* Begin PBXContainerItemProxy section */
		A4C2BC9B187D40DD0064FF72 /* PBXContainerItemProxy */ = {
			isa = PBXContainerItemProxy;
			containerPortal = A4C2BC6A187D40DD0064FF72 /* Project object */;
			proxyType = 1;
			remoteGlobalIDString = A4C2BC71187D40DD0064FF72;
			remoteInfo = Map;
		};
/* End PBXContainerItemProxy section */

/* Begin PBXFileReference section */
		A4C2BC72187D40DD0064FF72 /* Map.app */ = {isa = PBXFileReference; explicitFileType = wrapper.application; includeInIndex = 0; path = Map.app; sourceTree = BUILT_PRODUCTS_DIR; };
		A4C2BC75187D40DD0064FF72 /* Foundation.framework */ = {isa = PBXFileReference; lastKnownFileType = wrapper.framework; name = Foundation.framework; path = System/Library/Frameworks/Foundation.framework; sourceTree = SDKROOT; };
		A4C2BC77187D40DD0064FF72 /* CoreGraphics.framework */ = {isa = PBXFileReference; lastKnownFileType = wrapper.framework; name = CoreGraphics.framework; path = System/Library/Frameworks/CoreGraphics.framework; sourceTree = SDKROOT; };
		A4C2BC79187D40DD0064FF72 /* UIKit.framework */ = {isa = PBXFileReference; lastKnownFileType = wrapper.framework; name = UIKit.framework; path = System/Library/Frameworks/UIKit.framework; sourceTree = SDKROOT; };
		A4C2BC7D187D40DD0064FF72 /* Map-Info.plist */ = {isa = PBXFileReference; lastKnownFileType = text.plist.xml; path = "Map-Info.plist"; sourceTree = "<group>"; };
		A4C2BC7F187D40DD0064FF72 /* en */ = {isa = PBXFileReference; lastKnownFileType = text.plist.strings; name = en; path = en.lproj/InfoPlist.strings; sourceTree = "<group>"; };
		A4C2BC81187D40DD0064FF72 /* main.m */ = {isa = PBXFileReference; lastKnownFileType = sourcecode.c.objc; path = main.m; sourceTree = "<group>"; };
		A4C2BC83187D40DD0064FF72 /* Map-Prefix.pch */ = {isa = PBXFileReference; lastKnownFileType = sourcecode.c.h; path = "Map-Prefix.pch"; sourceTree = "<group>"; };
		A4C2BC84187D40DD0064FF72 /* AppDelegate.h */ = {isa = PBXFileReference; lastKnownFileType = sourcecode.c.h; path = AppDelegate.h; sourceTree = "<group>"; };
		A4C2BC85187D40DD0064FF72 /* AppDelegate.m */ = {isa = PBXFileReference; lastKnownFileType = sourcecode.c.objc; path = AppDelegate.m; sourceTree = "<group>"; };
		A4C2BC88187D40DD0064FF72 /* Base */ = {isa = PBXFileReference; lastKnownFileType = file.storyboard; name = Base; path = Base.lproj/Main_iPhone.storyboard; sourceTree = "<group>"; };
		A4C2BC8B187D40DD0064FF72 /* Base */ = {isa = PBXFileReference; lastKnownFileType = file.storyboard; name = Base; path = Base.lproj/Main_iPad.storyboard; sourceTree = "<group>"; };
		A4C2BC8D187D40DD0064FF72 /* ViewController.h */ = {isa = PBXFileReference; lastKnownFileType = sourcecode.c.h; path = ViewController.h; sourceTree = "<group>"; };
		A4C2BC8E187D40DD0064FF72 /* ViewController.m */ = {isa = PBXFileReference; lastKnownFileType = sourcecode.c.objc; path = ViewController.m; sourceTree = "<group>"; };
		A4C2BC90187D40DD0064FF72 /* Images.xcassets */ = {isa = PBXFileReference; lastKnownFileType = folder.assetcatalog; path = Images.xcassets; sourceTree = "<group>"; };
		A4C2BC96187D40DD0064FF72 /* MapTests.xctest */ = {isa = PBXFileReference; explicitFileType = wrapper.cfbundle; includeInIndex = 0; path = MapTests.xctest; sourceTree = BUILT_PRODUCTS_DIR; };
		A4C2BC97187D40DD0064FF72 /* XCTest.framework */ = {isa = PBXFileReference; lastKnownFileType = wrapper.framework; name = XCTest.framework; path = Library/Frameworks/XCTest.framework; sourceTree = DEVELOPER_DIR; };
		A4C2BC9F187D40DD0064FF72 /* MapTests-Info.plist */ = {isa = PBXFileReference; lastKnownFileType = text.plist.xml; path = "MapTests-Info.plist"; sourceTree = "<group>"; };
		A4C2BCA1187D40DD0064FF72 /* en */ = {isa = PBXFileReference; lastKnownFileType = text.plist.strings; name = en; path = en.lproj/InfoPlist.strings; sourceTree = "<group>"; };
		A4C2BCA3187D40DD0064FF72 /* MapTests.m */ = {isa = PBXFileReference; lastKnownFileType = sourcecode.c.objc; path = MapTests.m; sourceTree = "<group>"; };
/* End PBXFileReference section */

/* Begin PBXFrameworksBuildPhase section */
		A4C2BC6F187D40DD0064FF72 /* Frameworks */ = {
			isa = PBXFrameworksBuildPhase;
			buildActionMask = 2147483647;
			files = (
				A4C2BC78187D40DD0064FF72 /* CoreGraphics.framework in Frameworks */,
				A4C2BC7A187D40DD0064FF72 /* UIKit.framework in Frameworks */,
				A4C2BC76187D40DD0064FF72 /* Foundation.framework in Frameworks */,
			);
			runOnlyForDeploymentPostprocessing = 0;
		};
		A4C2BC93187D40DD0064FF72 /* Frameworks */ = {
			isa = PBXFrameworksBuildPhase;
			buildActionMask = 2147483647;
			files = (
				A4C2BC98187D40DD0064FF72 /* XCTest.framework in Frameworks */,
				A4C2BC9A187D40DD0064FF72 /* UIKit.framework in Frameworks */,
				A4C2BC99187D40DD0064FF72 /* Foundation.framework in Frameworks */,
			);
			runOnlyForDeploymentPostprocessing = 0;
		};
/* End PBXFrameworksBuildPhase section */

/* Begin PBXGroup section */
		A4C2BC69187D40DD0064FF72 = {
			isa = PBXGroup;
			children = (
				A4C2BC7B187D40DD0064FF72 /* Map */,
				A4C2BC9D187D40DD0064FF72 /* MapTests */,
				A4C2BC74187D40DD0064FF72 /* Frameworks */,
				A4C2BC73187D40DD0064FF72 /* Products */,
			);
			sourceTree = "<group>";
		};
		A4C2BC73187D40DD0064FF72 /* Products */ = {
			isa = PBXGroup;
			children = (
				A4C2BC72187D40DD0064FF72 /* Map.app */,
				A4C2BC96187D40DD0064FF72 /* MapTests.xctest */,
			);
			name = Products;
			sourceTree = "<group>";
		};
		A4C2BC74187D40DD0064FF72 /* Frameworks */ = {
			isa = PBXGroup;
			children = (
				A4C2BC75187D40DD0064FF72 /* Foundation.framework */,
				A4C2BC77187D40DD0064FF72 /* CoreGraphics.framework */,
				A4C2BC79187D40DD0064FF72 /* UIKit.framework */,
				A4C2BC97187D40DD0064FF72 /* XCTest.framework */,
			);
			name = Frameworks;
			sourceTree = "<group>";
		};
		A4C2BC7B187D40DD0064FF72 /* Map */ = {
			isa = PBXGroup;
			children = (
				A4C2BC84187D40DD0064FF72 /* AppDelegate.h */,
				A4C2BC85187D40DD0064FF72 /* AppDelegate.m */,
				A4C2BC87187D40DD0064FF72 /* Main_iPhone.storyboard */,
				A4C2BC8A187D40DD0064FF72 /* Main_iPad.storyboard */,
				A4C2BC8D187D40DD0064FF72 /* ViewController.h */,
				A4C2BC8E187D40DD0064FF72 /* ViewController.m */,
				A4C2BC90187D40DD0064FF72 /* Images.xcassets */,
				A4C2BC7C187D40DD0064FF72 /* Supporting Files */,
			);
			path = Map;
			sourceTree = "<group>";
		};
		A4C2BC7C187D40DD0064FF72 /* Supporting Files */ = {
			isa = PBXGroup;
			children = (
				A4C2BC7D187D40DD0064FF72 /* Map-Info.plist */,
				A4C2BC7E187D40DD0064FF72 /* InfoPlist.strings */,
				A4C2BC81187D40DD0064FF72 /* main.m */,
				A4C2BC83187D40DD0064FF72 /* Map-Prefix.pch */,
			);
			name = "Supporting Files";
			sourceTree = "<group>";
		};
		A4C2BC9D187D40DD0064FF72 /* MapTests */ = {
			isa = PBXGroup;
			children = (
				A4C2BCA3187D40DD0064FF72 /* MapTests.m */,
				A4C2BC9E187D40DD0064FF72 /* Supporting Files */,
			);
			path = MapTests;
			sourceTree = "<group>";
		};
		A4C2BC9E187D40DD0064FF72 /* Supporting Files */ = {
			isa = PBXGroup;
			children = (
				A4C2BC9F187D40DD0064FF72 /* MapTests-Info.plist */,
				A4C2BCA0187D40DD0064FF72 /* InfoPlist.strings */,
			);
			name = "Supporting Files";
			sourceTree = "<group>";
		};
/* End PBXGroup section */

/* Begin PBXNativeTarget section */
		A4C2BC71187D40DD0064FF72 /* Map */ = {
			isa = PBXNativeTarget;
			buildConfigurationList = A4C2BCA7187D40DD0064FF72 /* Build configuration list for PBXNativeTarget "Map" */;
			buildPhases = (
				A4C2BC6E187D40DD0064FF72 /* Sources */,
				A4C2BC6F187D40DD0064FF72 /* Frameworks */,
				A4C2BC70187D40DD0064FF72 /* Resources */,
			);
			buildRules = (
			);
			dependencies = (
			);
			name = Map;
			productName = Map;
			productReference = A4C2BC72187D40DD0064FF72 /* Map.app */;
			productType = "com.apple.product-type.application";
		};
		A4C2BC95187D40DD0064FF72 /* MapTests */ = {
			isa = PBXNativeTarget;
			buildConfigurationList = A4C2BCAA187D40DD0064FF72 /* Build configuration list for PBXNativeTarget "MapTests" */;
			buildPhases = (
				A4C2BC92187D40DD0064FF72 /* Sources */,
				A4C2BC93187D40DD0064FF72 /* Frameworks */,
				A4C2BC94187D40DD0064FF72 /* Resources */,
			);
			buildRules = (
			);
			dependencies = (
				A4C2BC9C187D40DD0064FF72 /* PBXTargetDependency */,
			);
			name = MapTests;
			productName = MapTests;
			productReference = A4C2BC96187D40DD0064FF72 /* MapTests.xctest */;
			productType = "com.apple.product-type.bundle.unit-test";
		};
/* End PBXNativeTarget section */

/* Begin PBXProject section */
		A4C2BC6A187D40DD0064FF72 /* Project object */ = {
			isa = PBXProject;
			attributes = {
				LastUpgradeCheck = 0500;
				ORGANIZATIONNAME = "Trevor Erik Carlson";
				TargetAttributes = {
					A4C2BC95187D40DD0064FF72 = {
						TestTargetID = A4C2BC71187D40DD0064FF72;
					};
				};
			};
			buildConfigurationList = A4C2BC6D187D40DD0064FF72 /* Build configuration list for PBXProject "Map" */;
			compatibilityVersion = "Xcode 3.2";
			developmentRegion = English;
			hasScannedForEncodings = 0;
			knownRegions = (
				en,
				Base,
			);
			mainGroup = A4C2BC69187D40DD0064FF72;
			productRefGroup = A4C2BC73187D40DD0064FF72 /* Products */;
			projectDirPath = "";
			projectRoot = "";
			targets = (
				A4C2BC71187D40DD0064FF72 /* Map */,
				A4C2BC95187D40DD0064FF72 /* MapTests */,
			);
		};
/* End PBXProject section */

/* Begin PBXResourcesBuildPhase section */
		A4C2BC70187D40DD0064FF72 /* Resources */ = {
			isa = PBXResourcesBuildPhase;
			buildActionMask = 2147483647;
			files = (
				A4C2BC8C187D40DD0064FF72 /* Main_iPad.storyboard in Resources */,
				A4C2BC91187D40DD0064FF72 /* Images.xcassets in Resources */,
				A4C2BC89187D40DD0064FF72 /* Main_iPhone.storyboard in Resources */,
				A4C2BC80187D40DD0064FF72 /* InfoPlist.strings in Resources */,
			);
			runOnlyForDeploymentPostprocessing = 0;
		};
		A4C2BC94187D40DD0064FF72 /* Resources */ = {
			isa = PBXResourcesBuildPhase;
			buildActionMask = 2147483647;
			files = (
				A4C2BCA2187D40DD0064FF72 /* InfoPlist.strings in Resources */,
			);
			runOnlyForDeploymentPostprocessing = 0;
		};
/* End PBXResourcesBuildPhase section */

/* Begin PBXSourcesBuildPhase section */
		A4C2BC6E187D40DD0064FF72 /* Sources */ = {
			isa = PBXSourcesBuildPhase;
			buildActionMask = 2147483647;
			files = (
				A4C2BC8F187D40DD0064FF72 /* ViewController.m in Sources */,
				A4C2BC86187D40DD0064FF72 /* AppDelegate.m in Sources */,
				A4C2BC82187D40DD0064FF72 /* main.m in Sources */,
			);
			runOnlyForDeploymentPostprocessing = 0;
		};
		A4C2BC92187D40DD0064FF72 /* Sources */ = {
			isa = PBXSourcesBuildPhase;
			buildActionMask = 2147483647;
			files = (
				A4C2BCA4187D40DD0064FF72 /* MapTests.m in Sources */,
			);
			runOnlyForDeploymentPostprocessing = 0;
		};
/* End PBXSourcesBuildPhase section */

/* Begin PBXTargetDependency section */
		A4C2BC9C187D40DD0064FF72 /* PBXTargetDependency */ = {
			isa = PBXTargetDependency;
			target = A4C2BC71187D40DD0064FF72 /* Map */;
			targetProxy = A4C2BC9B187D40DD0064FF72 /* PBXContainerItemProxy */;
		};
/* End PBXTargetDependency section */

/* Begin PBXVariantGroup section */
		A4C2BC7E187D40DD0064FF72 /* InfoPlist.strings */ = {
			isa = PBXVariantGroup;
			children = (
				A4C2BC7F187D40DD0064FF72 /* en */,
			);
			name = InfoPlist.strings;
			sourceTree = "<group>";
		};
		A4C2BC87187D40DD0064FF72 /* Main_iPhone.storyboard */ = {
			isa = PBXVariantGroup;
			children = (
				A4C2BC88187D40DD0064FF72 /* Base */,
			);
			name = Main_iPhone.storyboard;
			sourceTree = "<group>";
		};
		A4C2BC8A187D40DD0064FF72 /* Main_iPad.storyboard */ = {
			isa = PBXVariantGroup;
			children = (
				A4C2BC8B187D40DD0064FF72 /* Base */,
			);
			name = Main_iPad.storyboard;
			sourceTree = "<group>";
		};
		A4C2BCA0187D40DD0064FF72 /* InfoPlist.strings */ = {
			isa = PBXVariantGroup;
			children = (
				A4C2BCA1187D40DD0064FF72 /* en */,
			);
			name = InfoPlist.strings;
			sourceTree = "<group>";
		};
/* End PBXVariantGroup section */

/* Begin XCBuildConfiguration section */
		A4C2BCA5187D40DD0064FF72 /* Debug */ = {
			isa = XCBuildConfiguration;
			buildSettings = {
				ALWAYS_SEARCH_USER_PATHS = NO;
				ARCHS = "$(ARCHS_STANDARD_INCLUDING_64_BIT)";
				CLANG_CXX_LANGUAGE_STANDARD = "gnu++0x";
				CLANG_CXX_LIBRARY = "libc++";
				CLANG_ENABLE_MODULES = YES;
				CLANG_ENABLE_OBJC_ARC = YES;
				CLANG_WARN_BOOL_CONVERSION = YES;
				CLANG_WARN_CONSTANT_CONVERSION = YES;
				CLANG_WARN_DIRECT_OBJC_ISA_USAGE = YES_ERROR;
				CLANG_WARN_EMPTY_BODY = YES;
				CLANG_WARN_ENUM_CONVERSION = YES;
				CLANG_WARN_INT_CONVERSION = YES;
				CLANG_WARN_OBJC_ROOT_CLASS = YES_ERROR;
				CLANG_WARN__DUPLICATE_METHOD_MATCH = YES;
				"CODE_SIGN_IDENTITY[sdk=iphoneos*]" = "iPhone Developer";
				COPY_PHASE_STRIP = NO;
				GCC_C_LANGUAGE_STANDARD = gnu99;
				GCC_DYNAMIC_NO_PIC = NO;
				GCC_OPTIMIZATION_LEVEL = 0;
				GCC_PREPROCESSOR_DEFINITIONS = (
					"DEBUG=1",
					"$(inherited)",
				);
				GCC_SYMBOLS_PRIVATE_EXTERN = NO;
				GCC_WARN_64_TO_32_BIT_CONVERSION = YES;
				GCC_WARN_ABOUT_RETURN_TYPE = YES_ERROR;
				GCC_WARN_UNDECLARED_SELECTOR = YES;
				GCC_WARN_UNINITIALIZED_AUTOS = YES;
				GCC_WARN_UNUSED_FUNCTION = YES;
				GCC_WARN_UNUSED_VARIABLE = YES;
				IPHONEOS_DEPLOYMENT_TARGET = 7.0;
				ONLY_ACTIVE_ARCH = YES;
				SDKROOT = iphoneos;
				TARGETED_DEVICE_FAMILY = "1,2";
			};
			name = Debug;
		};
		A4C2BCA6187D40DD0064FF72 /* Release */ = {
			isa = XCBuildConfiguration;
			buildSettings = {
				ALWAYS_SEARCH_USER_PATHS = NO;
				ARCHS = "$(ARCHS_STANDARD_INCLUDING_64_BIT)";
				CLANG_CXX_LANGUAGE_STANDARD = "gnu++0x";
				CLANG_CXX_LIBRARY = "libc++";
				CLANG_ENABLE_MODULES = YES;
				CLANG_ENABLE_OBJC_ARC = YES;
				CLANG_WARN_BOOL_CONVERSION = YES;
				CLANG_WARN_CONSTANT_CONVERSION = YES;
				CLANG_WARN_DIRECT_OBJC_ISA_USAGE = YES_ERROR;
				CLANG_WARN_EMPTY_BODY = YES;
				CLANG_WARN_ENUM_CONVERSION = YES;
				CLANG_WARN_INT_CONVERSION = YES;
				CLANG_WARN_OBJC_ROOT_CLASS = YES_ERROR;
				CLANG_WARN__DUPLICATE_METHOD_MATCH = YES;
				"CODE_SIGN_IDENTITY[sdk=iphoneos*]" = "iPhone Developer";
				COPY_PHASE_STRIP = YES;
				ENABLE_NS_ASSERTIONS = NO;
				GCC_C_LANGUAGE_STANDARD = gnu99;
				GCC_WARN_64_TO_32_BIT_CONVERSION = YES;
				GCC_WARN_ABOUT_RETURN_TYPE = YES_ERROR;
				GCC_WARN_UNDECLARED_SELECTOR = YES;
				GCC_WARN_UNINITIALIZED_AUTOS = YES;
				GCC_WARN_UNUSED_FUNCTION = YES;
				GCC_WARN_UNUSED_VARIABLE = YES;
				IPHONEOS_DEPLOYMENT_TARGET = 7.0;
				SDKROOT = iphoneos;
				TARGETED_DEVICE_FAMILY = "1,2";
				VALIDATE_PRODUCT = YES;
			};
			name = Release;
		};
		A4C2BCA8187D40DD0064FF72 /* Debug */ = {
			isa = XCBuildConfiguration;
			buildSettings = {
				ASSETCATALOG_COMPILER_APPICON_NAME = AppIcon;
				ASSETCATALOG_COMPILER_LAUNCHIMAGE_NAME = LaunchImage;
				GCC_PRECOMPILE_PREFIX_HEADER = YES;
				GCC_PREFIX_HEADER = "Map/Map-Prefix.pch";
				INFOPLIST_FILE = "Map/Map-Info.plist";
				PRODUCT_NAME = "$(TARGET_NAME)";
				WRAPPER_EXTENSION = app;
			};
			name = Debug;
		};
		A4C2BCA9187D40DD0064FF72 /* Release */ = {
			isa = XCBuildConfiguration;
			buildSettings = {
				ASSETCATALOG_COMPILER_APPICON_NAME = AppIcon;
				ASSETCATALOG_COMPILER_LAUNCHIMAGE_NAME = LaunchImage;
				GCC_PRECOMPILE_PREFIX_HEADER = YES;
				GCC_PREFIX_HEADER = "Map/Map-Prefix.pch";
				INFOPLIST_FILE = "Map/Map-Info.plist";
				PRODUCT_NAME = "$(TARGET_NAME)";
				WRAPPER_EXTENSION = app;
			};
			name = Release;
		};
		A4C2BCAB187D40DD0064FF72 /* Debug */ = {
			isa = XCBuildConfiguration;
			buildSettings = {
				ARCHS = "$(ARCHS_STANDARD_INCLUDING_64_BIT)";
				BUNDLE_LOADER = "$(BUILT_PRODUCTS_DIR)/Map.app/Map";
				FRAMEWORK_SEARCH_PATHS = (
					"$(SDKROOT)/Developer/Library/Frameworks",
					"$(inherited)",
					"$(DEVELOPER_FRAMEWORKS_DIR)",
				);
				GCC_PRECOMPILE_PREFIX_HEADER = YES;
				GCC_PREFIX_HEADER = "Map/Map-Prefix.pch";
				GCC_PREPROCESSOR_DEFINITIONS = (
					"DEBUG=1",
					"$(inherited)",
				);
				INFOPLIST_FILE = "MapTests/MapTests-Info.plist";
				PRODUCT_NAME = "$(TARGET_NAME)";
				TEST_HOST = "$(BUNDLE_LOADER)";
				WRAPPER_EXTENSION = xctest;
			};
			name = Debug;
		};
		A4C2BCAC187D40DD0064FF72 /* Release */ = {
			isa = XCBuildConfiguration;
			buildSettings = {
				ARCHS = "$(ARCHS_STANDARD_INCLUDING_64_BIT)";
				BUNDLE_LOADER = "$(BUILT_PRODUCTS_DIR)/Map.app/Map";
				FRAMEWORK_SEARCH_PATHS = (
					"$(SDKROOT)/Developer/Library/Frameworks",
					"$(inherited)",
					"$(DEVELOPER_FRAMEWORKS_DIR)",
				);
				GCC_PRECOMPILE_PREFIX_HEADER = YES;
				GCC_PREFIX_HEADER = "Map/Map-Prefix.pch";
				INFOPLIST_FILE = "MapTests/MapTests-Info.plist";
				PRODUCT_NAME = "$(TARGET_NAME)";
				TEST_HOST = "$(BUNDLE_LOADER)";
				WRAPPER_EXTENSION = xctest;
			};
			name = Release;
		};
/* End XCBuildConfiguration section */

/* Begin XCConfigurationList section */
		A4C2BC6D187D40DD0064FF72 /* Build configuration list for PBXProject "Map" */ = {
			isa = XCConfigurationList;
			buildConfigurations = (
				A4C2BCA5187D40DD0064FF72 /* Debug */,
				A4C2BCA6187D40DD0064FF72 /* Release */,
			);
			defaultConfigurationIsVisible = 0;
			defaultConfigurationName = Release;
		};
		A4C2BCA7187D40DD0064FF72 /* Build configuration list for PBXNativeTarget "Map" */ = {
			isa = XCConfigurationList;
			buildConfigurations = (
				A4C2BCA8187D40DD0064FF72 /* Debug */,
				A4C2BCA9187D40DD0064FF72 /* Release */,
			);
			defaultConfigurationIsVisible = 0;
		};
		A4C2BCAA187D40DD0064FF72 /* Build configuration list for PBXNativeTarget "MapTests" */ = {
			isa = XCConfigurationList;
			buildConfigurations = (
				A4C2BCAB187D40DD0064FF72 /* Debug */,
				A4C2BCAC187D40DD0064FF72 /* Release */,
			);
			defaultConfigurationIsVisible = 0;
		};
/* End XCConfigurationList section */
	};
	rootObject = A4C2BC6A187D40DD0064FF72 /* Project object */;
}
