// !$*UTF8*$!
{
	archiveVersion = 1;
	classes = {
	};
	objectVersion = 46;
	objects = {

/* Begin PBXBuildFile section */
		A437B90F187DEB2300265940 /* FetchData.m in Sources */ = {isa = PBXBuildFile; fileRef = A437B90E187DEB2300265940 /* FetchData.m */; settings = {COMPILER_FLAGS = "-fno-objc-arc"; }; };
		A437B92B187E002B00265940 /* LICENSE.md in Resources */ = {isa = PBXBuildFile; fileRef = A437B914187E002B00265940 /* LICENSE.md */; };
		A437B92C187E002B00265940 /* NSDataAdditions.m in Sources */ = {isa = PBXBuildFile; fileRef = A437B916187E002B00265940 /* NSDataAdditions.m */; settings = {COMPILER_FLAGS = "-fno-objc-arc"; }; };
		A437B92D187E002B00265940 /* NSStringAdditions.m in Sources */ = {isa = PBXBuildFile; fileRef = A437B918187E002B00265940 /* NSStringAdditions.m */; settings = {COMPILER_FLAGS = "-fno-objc-arc"; }; };
		A437B92E187E002B00265940 /* README.md in Resources */ = {isa = PBXBuildFile; fileRef = A437B919187E002B00265940 /* README.md */; };
		A437B92F187E002C00265940 /* XMLRPCConnection.m in Sources */ = {isa = PBXBuildFile; fileRef = A437B91C187E002B00265940 /* XMLRPCConnection.m */; settings = {COMPILER_FLAGS = "-fno-objc-arc"; }; };
		A437B930187E002C00265940 /* XMLRPCConnectionManager.m in Sources */ = {isa = PBXBuildFile; fileRef = A437B91F187E002B00265940 /* XMLRPCConnectionManager.m */; settings = {COMPILER_FLAGS = "-fno-objc-arc"; }; };
		A437B931187E002C00265940 /* XMLRPCEncoder.m in Sources */ = {isa = PBXBuildFile; fileRef = A437B921187E002B00265940 /* XMLRPCEncoder.m */; settings = {COMPILER_FLAGS = "-fno-objc-arc"; }; };
		A437B932187E002C00265940 /* XMLRPCEventBasedParser.m in Sources */ = {isa = PBXBuildFile; fileRef = A437B923187E002B00265940 /* XMLRPCEventBasedParser.m */; settings = {COMPILER_FLAGS = "-fno-objc-arc"; }; };
		A437B933187E002C00265940 /* XMLRPCEventBasedParserDelegate.m in Sources */ = {isa = PBXBuildFile; fileRef = A437B925187E002B00265940 /* XMLRPCEventBasedParserDelegate.m */; settings = {COMPILER_FLAGS = "-fno-objc-arc"; }; };
		A437B934187E002C00265940 /* XMLRPCRequest.m in Sources */ = {isa = PBXBuildFile; fileRef = A437B927187E002B00265940 /* XMLRPCRequest.m */; settings = {COMPILER_FLAGS = "-fno-objc-arc"; }; };
		A437B935187E002C00265940 /* XMLRPCResponse.m in Sources */ = {isa = PBXBuildFile; fileRef = A437B929187E002B00265940 /* XMLRPCResponse.m */; settings = {COMPILER_FLAGS = "-fno-objc-arc"; }; };
		A486BEE9187DA0BD00650F82 /* AdSupport.framework in Frameworks */ = {isa = PBXBuildFile; fileRef = A486BEE8187DA0BD00650F82 /* AdSupport.framework */; };
		A486BEF1187DA0F800650F82 /* libTestFlight.a in Frameworks */ = {isa = PBXBuildFile; fileRef = A486BEEB187DA0F800650F82 /* libTestFlight.a */; settings = {ATTRIBUTES = (Required, ); }; };
		A486BEF2187DA0F800650F82 /* README.md in Resources */ = {isa = PBXBuildFile; fileRef = A486BEEC187DA0F800650F82 /* README.md */; };
		A486BEF3187DA0F800650F82 /* release_notes.md in Resources */ = {isa = PBXBuildFile; fileRef = A486BEED187DA0F800650F82 /* release_notes.md */; };
		A4939392187F025700E2AFBB /* HMAC.m in Sources */ = {isa = PBXBuildFile; fileRef = A4939391187F025700E2AFBB /* HMAC.m */; };
		A4C2BC76187D40DD0064FF72 /* Foundation.framework in Frameworks */ = {isa = PBXBuildFile; fileRef = A4C2BC75187D40DD0064FF72 /* Foundation.framework */; };
		A4C2BC78187D40DD0064FF72 /* CoreGraphics.framework in Frameworks */ = {isa = PBXBuildFile; fileRef = A4C2BC77187D40DD0064FF72 /* CoreGraphics.framework */; };
		A4C2BC7A187D40DD0064FF72 /* UIKit.framework in Frameworks */ = {isa = PBXBuildFile; fileRef = A4C2BC79187D40DD0064FF72 /* UIKit.framework */; };
		A4C2BC80187D40DD0064FF72 /* InfoPlist.strings in Resources */ = {isa = PBXBuildFile; fileRef = A4C2BC7E187D40DD0064FF72 /* InfoPlist.strings */; };
		A4C2BC82187D40DD0064FF72 /* main.m in Sources */ = {isa = PBXBuildFile; fileRef = A4C2BC81187D40DD0064FF72 /* main.m */; };
		A4C2BC86187D40DD0064FF72 /* AppDelegate.m in Sources */ = {isa = PBXBuildFile; fileRef = A4C2BC85187D40DD0064FF72 /* AppDelegate.m */; };
		A4C2BC89187D40DD0064FF72 /* Main_iPhone.storyboard in Resources */ = {isa = PBXBuildFile; fileRef = A4C2BC87187D40DD0064FF72 /* Main_iPhone.storyboard */; };
		A4C2BC8C187D40DD0064FF72 /* Main_iPad.storyboard in Resources */ = {isa = PBXBuildFile; fileRef = A4C2BC8A187D40DD0064FF72 /* Main_iPad.storyboard */; };
		A4C2BC8F187D40DD0064FF72 /* ViewController.m in Sources */ = {isa = PBXBuildFile; fileRef = A4C2BC8E187D40DD0064FF72 /* ViewController.m */; };
		A4C2BC91187D40DD0064FF72 /* Images.xcassets in Resources */ = {isa = PBXBuildFile; fileRef = A4C2BC90187D40DD0064FF72 /* Images.xcassets */; };
		A4C2BC98187D40DD0064FF72 /* XCTest.framework in Frameworks */ = {isa = PBXBuildFile; fileRef = A4C2BC97187D40DD0064FF72 /* XCTest.framework */; };
		A4C2BC99187D40DD0064FF72 /* Foundation.framework in Frameworks */ = {isa = PBXBuildFile; fileRef = A4C2BC75187D40DD0064FF72 /* Foundation.framework */; };
		A4C2BC9A187D40DD0064FF72 /* UIKit.framework in Frameworks */ = {isa = PBXBuildFile; fileRef = A4C2BC79187D40DD0064FF72 /* UIKit.framework */; };
		A4C2BCA2187D40DD0064FF72 /* InfoPlist.strings in Resources */ = {isa = PBXBuildFile; fileRef = A4C2BCA0187D40DD0064FF72 /* InfoPlist.strings */; };
		A4C2BCA4187D40DD0064FF72 /* MapTests.m in Sources */ = {isa = PBXBuildFile; fileRef = A4C2BCA3187D40DD0064FF72 /* MapTests.m */; };
		A4C2BCB2187D42830064FF72 /* GoogleMaps.framework in Frameworks */ = {isa = PBXBuildFile; fileRef = A4C2BCB1187D42830064FF72 /* GoogleMaps.framework */; };
		A4C2BCB4187D42BC0064FF72 /* GoogleMaps.bundle in Resources */ = {isa = PBXBuildFile; fileRef = A4C2BCB3187D42BC0064FF72 /* GoogleMaps.bundle */; };
		A4C2BCB6187D42E60064FF72 /* AVFoundation.framework in Frameworks */ = {isa = PBXBuildFile; fileRef = A4C2BCB5187D42E60064FF72 /* AVFoundation.framework */; };
		A4C2BCB8187D42EC0064FF72 /* CoreData.framework in Frameworks */ = {isa = PBXBuildFile; fileRef = A4C2BCB7187D42EC0064FF72 /* CoreData.framework */; };
		A4C2BCBA187D42F10064FF72 /* CoreLocation.framework in Frameworks */ = {isa = PBXBuildFile; fileRef = A4C2BCB9187D42F10064FF72 /* CoreLocation.framework */; };
		A4C2BCBC187D42F70064FF72 /* CoreText.framework in Frameworks */ = {isa = PBXBuildFile; fileRef = A4C2BCBB187D42F70064FF72 /* CoreText.framework */; };
		A4C2BCBE187D42FD0064FF72 /* GLKit.framework in Frameworks */ = {isa = PBXBuildFile; fileRef = A4C2BCBD187D42FD0064FF72 /* GLKit.framework */; };
		A4C2BCC0187D43030064FF72 /* ImageIO.framework in Frameworks */ = {isa = PBXBuildFile; fileRef = A4C2BCBF187D43020064FF72 /* ImageIO.framework */; };
		A4C2BCC2187D430B0064FF72 /* libc++.dylib in Frameworks */ = {isa = PBXBuildFile; fileRef = A4C2BCC1187D430B0064FF72 /* libc++.dylib */; };
		A4C2BCC4187D43130064FF72 /* libicucore.dylib in Frameworks */ = {isa = PBXBuildFile; fileRef = A4C2BCC3187D43130064FF72 /* libicucore.dylib */; };
		A4C2BCC6187D43190064FF72 /* libz.dylib in Frameworks */ = {isa = PBXBuildFile; fileRef = A4C2BCC5187D43190064FF72 /* libz.dylib */; };
		A4C2BCC8187D431E0064FF72 /* OpenGLES.framework in Frameworks */ = {isa = PBXBuildFile; fileRef = A4C2BCC7187D431E0064FF72 /* OpenGLES.framework */; };
		A4C2BCCA187D43250064FF72 /* QuartzCore.framework in Frameworks */ = {isa = PBXBuildFile; fileRef = A4C2BCC9187D43250064FF72 /* QuartzCore.framework */; };
		A4C2BCCC187D432C0064FF72 /* SystemConfiguration.framework in Frameworks */ = {isa = PBXBuildFile; fileRef = A4C2BCCB187D432C0064FF72 /* SystemConfiguration.framework */; };
/* End PBXBuildFile section */

/* Begin PBXContainerItemProxy section */
		A4C2BC9B187D40DD0064FF72 /* PBXContainerItemProxy */ = {
			isa = PBXContainerItemProxy;
			containerPortal = A4C2BC6A187D40DD0064FF72 /* Project object */;
			proxyType = 1;
			remoteGlobalIDString = A4C2BC71187D40DD0064FF72;
			remoteInfo = Map;
		};
/* End PBXContainerItemProxy section */

/* Begin PBXFileReference section */
		A437B90D187DEB2300265940 /* FetchData.h */ = {isa = PBXFileReference; fileEncoding = 4; lastKnownFileType = sourcecode.c.h; path = FetchData.h; sourceTree = "<group>"; };
		A437B90E187DEB2300265940 /* FetchData.m */ = {isa = PBXFileReference; fileEncoding = 4; lastKnownFileType = sourcecode.c.objc; path = FetchData.m; sourceTree = "<group>"; };
		A437B914187E002B00265940 /* LICENSE.md */ = {isa = PBXFileReference; fileEncoding = 4; lastKnownFileType = text; path = LICENSE.md; sourceTree = "<group>"; };
		A437B915187E002B00265940 /* NSDataAdditions.h */ = {isa = PBXFileReference; fileEncoding = 4; lastKnownFileType = sourcecode.c.h; path = NSDataAdditions.h; sourceTree = "<group>"; };
		A437B916187E002B00265940 /* NSDataAdditions.m */ = {isa = PBXFileReference; fileEncoding = 4; lastKnownFileType = sourcecode.c.objc; path = NSDataAdditions.m; sourceTree = "<group>"; };
		A437B917187E002B00265940 /* NSStringAdditions.h */ = {isa = PBXFileReference; fileEncoding = 4; lastKnownFileType = sourcecode.c.h; path = NSStringAdditions.h; sourceTree = "<group>"; };
		A437B918187E002B00265940 /* NSStringAdditions.m */ = {isa = PBXFileReference; fileEncoding = 4; lastKnownFileType = sourcecode.c.objc; path = NSStringAdditions.m; sourceTree = "<group>"; };
		A437B919187E002B00265940 /* README.md */ = {isa = PBXFileReference; fileEncoding = 4; lastKnownFileType = text; path = README.md; sourceTree = "<group>"; };
		A437B91A187E002B00265940 /* XMLRPC.h */ = {isa = PBXFileReference; fileEncoding = 4; lastKnownFileType = sourcecode.c.h; path = XMLRPC.h; sourceTree = "<group>"; };
		A437B91B187E002B00265940 /* XMLRPCConnection.h */ = {isa = PBXFileReference; fileEncoding = 4; lastKnownFileType = sourcecode.c.h; path = XMLRPCConnection.h; sourceTree = "<group>"; };
		A437B91C187E002B00265940 /* XMLRPCConnection.m */ = {isa = PBXFileReference; fileEncoding = 4; lastKnownFileType = sourcecode.c.objc; path = XMLRPCConnection.m; sourceTree = "<group>"; };
		A437B91D187E002B00265940 /* XMLRPCConnectionDelegate.h */ = {isa = PBXFileReference; fileEncoding = 4; lastKnownFileType = sourcecode.c.h; path = XMLRPCConnectionDelegate.h; sourceTree = "<group>"; };
		A437B91E187E002B00265940 /* XMLRPCConnectionManager.h */ = {isa = PBXFileReference; fileEncoding = 4; lastKnownFileType = sourcecode.c.h; path = XMLRPCConnectionManager.h; sourceTree = "<group>"; };
		A437B91F187E002B00265940 /* XMLRPCConnectionManager.m */ = {isa = PBXFileReference; fileEncoding = 4; lastKnownFileType = sourcecode.c.objc; path = XMLRPCConnectionManager.m; sourceTree = "<group>"; };
		A437B920187E002B00265940 /* XMLRPCEncoder.h */ = {isa = PBXFileReference; fileEncoding = 4; lastKnownFileType = sourcecode.c.h; path = XMLRPCEncoder.h; sourceTree = "<group>"; };
		A437B921187E002B00265940 /* XMLRPCEncoder.m */ = {isa = PBXFileReference; fileEncoding = 4; lastKnownFileType = sourcecode.c.objc; path = XMLRPCEncoder.m; sourceTree = "<group>"; };
		A437B922187E002B00265940 /* XMLRPCEventBasedParser.h */ = {isa = PBXFileReference; fileEncoding = 4; lastKnownFileType = sourcecode.c.h; path = XMLRPCEventBasedParser.h; sourceTree = "<group>"; };
		A437B923187E002B00265940 /* XMLRPCEventBasedParser.m */ = {isa = PBXFileReference; fileEncoding = 4; lastKnownFileType = sourcecode.c.objc; path = XMLRPCEventBasedParser.m; sourceTree = "<group>"; };
		A437B924187E002B00265940 /* XMLRPCEventBasedParserDelegate.h */ = {isa = PBXFileReference; fileEncoding = 4; lastKnownFileType = sourcecode.c.h; path = XMLRPCEventBasedParserDelegate.h; sourceTree = "<group>"; };
		A437B925187E002B00265940 /* XMLRPCEventBasedParserDelegate.m */ = {isa = PBXFileReference; fileEncoding = 4; lastKnownFileType = sourcecode.c.objc; path = XMLRPCEventBasedParserDelegate.m; sourceTree = "<group>"; };
		A437B926187E002B00265940 /* XMLRPCRequest.h */ = {isa = PBXFileReference; fileEncoding = 4; lastKnownFileType = sourcecode.c.h; path = XMLRPCRequest.h; sourceTree = "<group>"; };
		A437B927187E002B00265940 /* XMLRPCRequest.m */ = {isa = PBXFileReference; fileEncoding = 4; lastKnownFileType = sourcecode.c.objc; path = XMLRPCRequest.m; sourceTree = "<group>"; };
		A437B928187E002B00265940 /* XMLRPCResponse.h */ = {isa = PBXFileReference; fileEncoding = 4; lastKnownFileType = sourcecode.c.h; path = XMLRPCResponse.h; sourceTree = "<group>"; };
		A437B929187E002B00265940 /* XMLRPCResponse.m */ = {isa = PBXFileReference; fileEncoding = 4; lastKnownFileType = sourcecode.c.objc; path = XMLRPCResponse.m; sourceTree = "<group>"; };
		A486BEE8187DA0BD00650F82 /* AdSupport.framework */ = {isa = PBXFileReference; lastKnownFileType = wrapper.framework; name = AdSupport.framework; path = System/Library/Frameworks/AdSupport.framework; sourceTree = SDKROOT; };
		A486BEEB187DA0F800650F82 /* libTestFlight.a */ = {isa = PBXFileReference; lastKnownFileType = archive.ar; path = libTestFlight.a; sourceTree = "<group>"; };
		A486BEEC187DA0F800650F82 /* README.md */ = {isa = PBXFileReference; fileEncoding = 4; lastKnownFileType = text; path = README.md; sourceTree = "<group>"; };
		A486BEED187DA0F800650F82 /* release_notes.md */ = {isa = PBXFileReference; fileEncoding = 4; lastKnownFileType = text; path = release_notes.md; sourceTree = "<group>"; };
		A486BEEE187DA0F800650F82 /* TestFlight+AsyncLogging.h */ = {isa = PBXFileReference; fileEncoding = 4; lastKnownFileType = sourcecode.c.h; path = "TestFlight+AsyncLogging.h"; sourceTree = "<group>"; };
		A486BEEF187DA0F800650F82 /* TestFlight+ManualSessions.h */ = {isa = PBXFileReference; fileEncoding = 4; lastKnownFileType = sourcecode.c.h; path = "TestFlight+ManualSessions.h"; sourceTree = "<group>"; };
		A486BEF0187DA0F800650F82 /* TestFlight.h */ = {isa = PBXFileReference; fileEncoding = 4; lastKnownFileType = sourcecode.c.h; path = TestFlight.h; sourceTree = "<group>"; };
		A4939390187F025700E2AFBB /* HMAC.h */ = {isa = PBXFileReference; fileEncoding = 4; lastKnownFileType = sourcecode.c.h; path = HMAC.h; sourceTree = "<group>"; };
		A4939391187F025700E2AFBB /* HMAC.m */ = {isa = PBXFileReference; fileEncoding = 4; lastKnownFileType = sourcecode.c.objc; path = HMAC.m; sourceTree = "<group>"; };
		A4939393187F044800E2AFBB /* libcommonCrypto.dylib */ = {isa = PBXFileReference; lastKnownFileType = "compiled.mach-o.dylib"; name = libcommonCrypto.dylib; path = usr/lib/system/libcommonCrypto.dylib; sourceTree = SDKROOT; };
		A4C2BC72187D40DD0064FF72 /* Map.app */ = {isa = PBXFileReference; explicitFileType = wrapper.application; includeInIndex = 0; path = Map.app; sourceTree = BUILT_PRODUCTS_DIR; };
		A4C2BC75187D40DD0064FF72 /* Foundation.framework */ = {isa = PBXFileReference; lastKnownFileType = wrapper.framework; name = Foundation.framework; path = System/Library/Frameworks/Foundation.framework; sourceTree = SDKROOT; };
		A4C2BC77187D40DD0064FF72 /* CoreGraphics.framework */ = {isa = PBXFileReference; lastKnownFileType = wrapper.framework; name = CoreGraphics.framework; path = System/Library/Frameworks/CoreGraphics.framework; sourceTree = SDKROOT; };
		A4C2BC79187D40DD0064FF72 /* UIKit.framework */ = {isa = PBXFileReference; lastKnownFileType = wrapper.framework; name = UIKit.framework; path = System/Library/Frameworks/UIKit.framework; sourceTree = SDKROOT; };
		A4C2BC7D187D40DD0064FF72 /* Map-Info.plist */ = {isa = PBXFileReference; lastKnownFileType = text.plist.xml; path = "Map-Info.plist"; sourceTree = "<group>"; };
		A4C2BC7F187D40DD0064FF72 /* en */ = {isa = PBXFileReference; lastKnownFileType = text.plist.strings; name = en; path = en.lproj/InfoPlist.strings; sourceTree = "<group>"; };
		A4C2BC81187D40DD0064FF72 /* main.m */ = {isa = PBXFileReference; lastKnownFileType = sourcecode.c.objc; path = main.m; sourceTree = "<group>"; };
		A4C2BC83187D40DD0064FF72 /* Map-Prefix.pch */ = {isa = PBXFileReference; lastKnownFileType = sourcecode.c.h; path = "Map-Prefix.pch"; sourceTree = "<group>"; };
		A4C2BC84187D40DD0064FF72 /* AppDelegate.h */ = {isa = PBXFileReference; lastKnownFileType = sourcecode.c.h; path = AppDelegate.h; sourceTree = "<group>"; };
		A4C2BC85187D40DD0064FF72 /* AppDelegate.m */ = {isa = PBXFileReference; lastKnownFileType = sourcecode.c.objc; path = AppDelegate.m; sourceTree = "<group>"; };
		A4C2BC88187D40DD0064FF72 /* Base */ = {isa = PBXFileReference; lastKnownFileType = file.storyboard; name = Base; path = Base.lproj/Main_iPhone.storyboard; sourceTree = "<group>"; };
		A4C2BC8B187D40DD0064FF72 /* Base */ = {isa = PBXFileReference; lastKnownFileType = file.storyboard; name = Base; path = Base.lproj/Main_iPad.storyboard; sourceTree = "<group>"; };
		A4C2BC8D187D40DD0064FF72 /* ViewController.h */ = {isa = PBXFileReference; lastKnownFileType = sourcecode.c.h; path = ViewController.h; sourceTree = "<group>"; };
		A4C2BC8E187D40DD0064FF72 /* ViewController.m */ = {isa = PBXFileReference; lastKnownFileType = sourcecode.c.objc; path = ViewController.m; sourceTree = "<group>"; };
		A4C2BC90187D40DD0064FF72 /* Images.xcassets */ = {isa = PBXFileReference; lastKnownFileType = folder.assetcatalog; path = Images.xcassets; sourceTree = "<group>"; };
		A4C2BC96187D40DD0064FF72 /* MapTests.xctest */ = {isa = PBXFileReference; explicitFileType = wrapper.cfbundle; includeInIndex = 0; path = MapTests.xctest; sourceTree = BUILT_PRODUCTS_DIR; };
		A4C2BC97187D40DD0064FF72 /* XCTest.framework */ = {isa = PBXFileReference; lastKnownFileType = wrapper.framework; name = XCTest.framework; path = Library/Frameworks/XCTest.framework; sourceTree = DEVELOPER_DIR; };
		A4C2BC9F187D40DD0064FF72 /* MapTests-Info.plist */ = {isa = PBXFileReference; lastKnownFileType = text.plist.xml; path = "MapTests-Info.plist"; sourceTree = "<group>"; };
		A4C2BCA1187D40DD0064FF72 /* en */ = {isa = PBXFileReference; lastKnownFileType = text.plist.strings; name = en; path = en.lproj/InfoPlist.strings; sourceTree = "<group>"; };
		A4C2BCA3187D40DD0064FF72 /* MapTests.m */ = {isa = PBXFileReference; lastKnownFileType = sourcecode.c.objc; path = MapTests.m; sourceTree = "<group>"; };
		A4C2BCB1187D42830064FF72 /* GoogleMaps.framework */ = {isa = PBXFileReference; lastKnownFileType = wrapper.framework; path = GoogleMaps.framework; sourceTree = "<group>"; };
		A4C2BCB3187D42BC0064FF72 /* GoogleMaps.bundle */ = {isa = PBXFileReference; lastKnownFileType = "wrapper.plug-in"; name = GoogleMaps.bundle; path = GoogleMaps.framework/Versions/A/Resources/GoogleMaps.bundle; sourceTree = "<group>"; };
		A4C2BCB5187D42E60064FF72 /* AVFoundation.framework */ = {isa = PBXFileReference; lastKnownFileType = wrapper.framework; name = AVFoundation.framework; path = System/Library/Frameworks/AVFoundation.framework; sourceTree = SDKROOT; };
		A4C2BCB7187D42EC0064FF72 /* CoreData.framework */ = {isa = PBXFileReference; lastKnownFileType = wrapper.framework; name = CoreData.framework; path = System/Library/Frameworks/CoreData.framework; sourceTree = SDKROOT; };
		A4C2BCB9187D42F10064FF72 /* CoreLocation.framework */ = {isa = PBXFileReference; lastKnownFileType = wrapper.framework; name = CoreLocation.framework; path = System/Library/Frameworks/CoreLocation.framework; sourceTree = SDKROOT; };
		A4C2BCBB187D42F70064FF72 /* CoreText.framework */ = {isa = PBXFileReference; lastKnownFileType = wrapper.framework; name = CoreText.framework; path = System/Library/Frameworks/CoreText.framework; sourceTree = SDKROOT; };
		A4C2BCBD187D42FD0064FF72 /* GLKit.framework */ = {isa = PBXFileReference; lastKnownFileType = wrapper.framework; name = GLKit.framework; path = System/Library/Frameworks/GLKit.framework; sourceTree = SDKROOT; };
		A4C2BCBF187D43020064FF72 /* ImageIO.framework */ = {isa = PBXFileReference; lastKnownFileType = wrapper.framework; name = ImageIO.framework; path = System/Library/Frameworks/ImageIO.framework; sourceTree = SDKROOT; };
		A4C2BCC1187D430B0064FF72 /* libc++.dylib */ = {isa = PBXFileReference; lastKnownFileType = "compiled.mach-o.dylib"; name = "libc++.dylib"; path = "usr/lib/libc++.dylib"; sourceTree = SDKROOT; };
		A4C2BCC3187D43130064FF72 /* libicucore.dylib */ = {isa = PBXFileReference; lastKnownFileType = "compiled.mach-o.dylib"; name = libicucore.dylib; path = usr/lib/libicucore.dylib; sourceTree = SDKROOT; };
		A4C2BCC5187D43190064FF72 /* libz.dylib */ = {isa = PBXFileReference; lastKnownFileType = "compiled.mach-o.dylib"; name = libz.dylib; path = usr/lib/libz.dylib; sourceTree = SDKROOT; };
		A4C2BCC7187D431E0064FF72 /* OpenGLES.framework */ = {isa = PBXFileReference; lastKnownFileType = wrapper.framework; name = OpenGLES.framework; path = System/Library/Frameworks/OpenGLES.framework; sourceTree = SDKROOT; };
		A4C2BCC9187D43250064FF72 /* QuartzCore.framework */ = {isa = PBXFileReference; lastKnownFileType = wrapper.framework; name = QuartzCore.framework; path = System/Library/Frameworks/QuartzCore.framework; sourceTree = SDKROOT; };
		A4C2BCCB187D432C0064FF72 /* SystemConfiguration.framework */ = {isa = PBXFileReference; lastKnownFileType = wrapper.framework; name = SystemConfiguration.framework; path = System/Library/Frameworks/SystemConfiguration.framework; sourceTree = SDKROOT; };
/* End PBXFileReference section */

/* Begin PBXFrameworksBuildPhase section */
		A4C2BC6F187D40DD0064FF72 /* Frameworks */ = {
			isa = PBXFrameworksBuildPhase;
			buildActionMask = 2147483647;
			files = (
				A486BEE9187DA0BD00650F82 /* AdSupport.framework in Frameworks */,
				A4C2BCCC187D432C0064FF72 /* SystemConfiguration.framework in Frameworks */,
				A4C2BCCA187D43250064FF72 /* QuartzCore.framework in Frameworks */,
				A4C2BCC8187D431E0064FF72 /* OpenGLES.framework in Frameworks */,
				A4C2BCC6187D43190064FF72 /* libz.dylib in Frameworks */,
				A4C2BCC4187D43130064FF72 /* libicucore.dylib in Frameworks */,
				A4C2BCC2187D430B0064FF72 /* libc++.dylib in Frameworks */,
				A4C2BCC0187D43030064FF72 /* ImageIO.framework in Frameworks */,
				A4C2BCBE187D42FD0064FF72 /* GLKit.framework in Frameworks */,
				A486BEF1187DA0F800650F82 /* libTestFlight.a in Frameworks */,
				A4C2BCBC187D42F70064FF72 /* CoreText.framework in Frameworks */,
				A4C2BCBA187D42F10064FF72 /* CoreLocation.framework in Frameworks */,
				A4C2BCB8187D42EC0064FF72 /* CoreData.framework in Frameworks */,
				A4C2BCB6187D42E60064FF72 /* AVFoundation.framework in Frameworks */,
				A4C2BC78187D40DD0064FF72 /* CoreGraphics.framework in Frameworks */,
				A4C2BC7A187D40DD0064FF72 /* UIKit.framework in Frameworks */,
				A4C2BCB2187D42830064FF72 /* GoogleMaps.framework in Frameworks */,
				A4C2BC76187D40DD0064FF72 /* Foundation.framework in Frameworks */,
			);
			runOnlyForDeploymentPostprocessing = 0;
		};
		A4C2BC93187D40DD0064FF72 /* Frameworks */ = {
			isa = PBXFrameworksBuildPhase;
			buildActionMask = 2147483647;
			files = (
				A4C2BC98187D40DD0064FF72 /* XCTest.framework in Frameworks */,
				A4C2BC9A187D40DD0064FF72 /* UIKit.framework in Frameworks */,
				A4C2BC99187D40DD0064FF72 /* Foundation.framework in Frameworks */,
			);
			runOnlyForDeploymentPostprocessing = 0;
		};
/* End PBXFrameworksBuildPhase section */

/* Begin PBXGroup section */
		A437B912187E002B00265940 /* kdbdallas-xmlrpc-ios-f28a13cc16ae */ = {
			isa = PBXGroup;
			children = (
				A437B914187E002B00265940 /* LICENSE.md */,
				A437B915187E002B00265940 /* NSDataAdditions.h */,
				A437B916187E002B00265940 /* NSDataAdditions.m */,
				A437B917187E002B00265940 /* NSStringAdditions.h */,
				A437B918187E002B00265940 /* NSStringAdditions.m */,
				A437B919187E002B00265940 /* README.md */,
				A437B91A187E002B00265940 /* XMLRPC.h */,
				A437B91B187E002B00265940 /* XMLRPCConnection.h */,
				A437B91C187E002B00265940 /* XMLRPCConnection.m */,
				A437B91D187E002B00265940 /* XMLRPCConnectionDelegate.h */,
				A437B91E187E002B00265940 /* XMLRPCConnectionManager.h */,
				A437B91F187E002B00265940 /* XMLRPCConnectionManager.m */,
				A437B920187E002B00265940 /* XMLRPCEncoder.h */,
				A437B921187E002B00265940 /* XMLRPCEncoder.m */,
				A437B922187E002B00265940 /* XMLRPCEventBasedParser.h */,
				A437B923187E002B00265940 /* XMLRPCEventBasedParser.m */,
				A437B924187E002B00265940 /* XMLRPCEventBasedParserDelegate.h */,
				A437B925187E002B00265940 /* XMLRPCEventBasedParserDelegate.m */,
				A437B926187E002B00265940 /* XMLRPCRequest.h */,
				A437B927187E002B00265940 /* XMLRPCRequest.m */,
				A437B928187E002B00265940 /* XMLRPCResponse.h */,
				A437B929187E002B00265940 /* XMLRPCResponse.m */,
			);
			path = "kdbdallas-xmlrpc-ios-f28a13cc16ae";
			sourceTree = "<group>";
		};
		A486BEEA187DA0F800650F82 /* TestFlightSDK2.2.0 */ = {
			isa = PBXGroup;
			children = (
				A486BEEB187DA0F800650F82 /* libTestFlight.a */,
				A486BEEC187DA0F800650F82 /* README.md */,
				A486BEED187DA0F800650F82 /* release_notes.md */,
				A486BEEE187DA0F800650F82 /* TestFlight+AsyncLogging.h */,
				A486BEEF187DA0F800650F82 /* TestFlight+ManualSessions.h */,
				A486BEF0187DA0F800650F82 /* TestFlight.h */,
			);
			path = TestFlightSDK2.2.0;
			sourceTree = "<group>";
		};
		A4C2BC69187D40DD0064FF72 = {
			isa = PBXGroup;
			children = (
				A4C2BC7B187D40DD0064FF72 /* Map */,
				A4C2BC9D187D40DD0064FF72 /* MapTests */,
				A4C2BC74187D40DD0064FF72 /* Frameworks */,
				A4C2BC73187D40DD0064FF72 /* Products */,
			);
			sourceTree = "<group>";
		};
		A4C2BC73187D40DD0064FF72 /* Products */ = {
			isa = PBXGroup;
			children = (
				A4C2BC72187D40DD0064FF72 /* Map.app */,
				A4C2BC96187D40DD0064FF72 /* MapTests.xctest */,
			);
			name = Products;
			sourceTree = "<group>";
		};
		A4C2BC74187D40DD0064FF72 /* Frameworks */ = {
			isa = PBXGroup;
			children = (
				A4939393187F044800E2AFBB /* libcommonCrypto.dylib */,
				A486BEE8187DA0BD00650F82 /* AdSupport.framework */,
				A4C2BCCB187D432C0064FF72 /* SystemConfiguration.framework */,
				A4C2BCC9187D43250064FF72 /* QuartzCore.framework */,
				A4C2BCC7187D431E0064FF72 /* OpenGLES.framework */,
				A4C2BCC5187D43190064FF72 /* libz.dylib */,
				A4C2BCC3187D43130064FF72 /* libicucore.dylib */,
				A4C2BCC1187D430B0064FF72 /* libc++.dylib */,
				A4C2BCBF187D43020064FF72 /* ImageIO.framework */,
				A4C2BCBD187D42FD0064FF72 /* GLKit.framework */,
				A4C2BCBB187D42F70064FF72 /* CoreText.framework */,
				A4C2BCB9187D42F10064FF72 /* CoreLocation.framework */,
				A4C2BCB7187D42EC0064FF72 /* CoreData.framework */,
				A4C2BCB5187D42E60064FF72 /* AVFoundation.framework */,
				A4C2BCB3187D42BC0064FF72 /* GoogleMaps.bundle */,
				A4C2BCB1187D42830064FF72 /* GoogleMaps.framework */,
				A4C2BC75187D40DD0064FF72 /* Foundation.framework */,
				A4C2BC77187D40DD0064FF72 /* CoreGraphics.framework */,
				A4C2BC79187D40DD0064FF72 /* UIKit.framework */,
				A4C2BC97187D40DD0064FF72 /* XCTest.framework */,
			);
			name = Frameworks;
			sourceTree = "<group>";
		};
		A4C2BC7B187D40DD0064FF72 /* Map */ = {
			isa = PBXGroup;
			children = (
				A437B912187E002B00265940 /* kdbdallas-xmlrpc-ios-f28a13cc16ae */,
				A486BEEA187DA0F800650F82 /* TestFlightSDK2.2.0 */,
				A4C2BC84187D40DD0064FF72 /* AppDelegate.h */,
				A4C2BC85187D40DD0064FF72 /* AppDelegate.m */,
				A4C2BC87187D40DD0064FF72 /* Main_iPhone.storyboard */,
				A4C2BC8A187D40DD0064FF72 /* Main_iPad.storyboard */,
				A4C2BC8D187D40DD0064FF72 /* ViewController.h */,
				A4C2BC8E187D40DD0064FF72 /* ViewController.m */,
				A4C2BC90187D40DD0064FF72 /* Images.xcassets */,
				A4C2BC7C187D40DD0064FF72 /* Supporting Files */,
				A437B90D187DEB2300265940 /* FetchData.h */,
				A437B90E187DEB2300265940 /* FetchData.m */,
				A4939390187F025700E2AFBB /* HMAC.h */,
				A4939391187F025700E2AFBB /* HMAC.m */,
			);
			path = Map;
			sourceTree = "<group>";
		};
		A4C2BC7C187D40DD0064FF72 /* Supporting Files */ = {
			isa = PBXGroup;
			children = (
				A4C2BC7D187D40DD0064FF72 /* Map-Info.plist */,
				A4C2BC7E187D40DD0064FF72 /* InfoPlist.strings */,
				A4C2BC81187D40DD0064FF72 /* main.m */,
				A4C2BC83187D40DD0064FF72 /* Map-Prefix.pch */,
			);
			name = "Supporting Files";
			sourceTree = "<group>";
		};
		A4C2BC9D187D40DD0064FF72 /* MapTests */ = {
			isa = PBXGroup;
			children = (
				A4C2BCA3187D40DD0064FF72 /* MapTests.m */,
				A4C2BC9E187D40DD0064FF72 /* Supporting Files */,
			);
			path = MapTests;
			sourceTree = "<group>";
		};
		A4C2BC9E187D40DD0064FF72 /* Supporting Files */ = {
			isa = PBXGroup;
			children = (
				A4C2BC9F187D40DD0064FF72 /* MapTests-Info.plist */,
				A4C2BCA0187D40DD0064FF72 /* InfoPlist.strings */,
			);
			name = "Supporting Files";
			sourceTree = "<group>";
		};
/* End PBXGroup section */

/* Begin PBXNativeTarget section */
		A4C2BC71187D40DD0064FF72 /* Map */ = {
			isa = PBXNativeTarget;
			buildConfigurationList = A4C2BCA7187D40DD0064FF72 /* Build configuration list for PBXNativeTarget "Map" */;
			buildPhases = (
				A4C2BC6E187D40DD0064FF72 /* Sources */,
				A4C2BC6F187D40DD0064FF72 /* Frameworks */,
				A4C2BC70187D40DD0064FF72 /* Resources */,
			);
			buildRules = (
			);
			dependencies = (
			);
			name = Map;
			productName = Map;
			productReference = A4C2BC72187D40DD0064FF72 /* Map.app */;
			productType = "com.apple.product-type.application";
		};
		A4C2BC95187D40DD0064FF72 /* MapTests */ = {
			isa = PBXNativeTarget;
			buildConfigurationList = A4C2BCAA187D40DD0064FF72 /* Build configuration list for PBXNativeTarget "MapTests" */;
			buildPhases = (
				A4C2BC92187D40DD0064FF72 /* Sources */,
				A4C2BC93187D40DD0064FF72 /* Frameworks */,
				A4C2BC94187D40DD0064FF72 /* Resources */,
			);
			buildRules = (
			);
			dependencies = (
				A4C2BC9C187D40DD0064FF72 /* PBXTargetDependency */,
			);
			name = MapTests;
			productName = MapTests;
			productReference = A4C2BC96187D40DD0064FF72 /* MapTests.xctest */;
			productType = "com.apple.product-type.bundle.unit-test";
		};
/* End PBXNativeTarget section */

/* Begin PBXProject section */
		A4C2BC6A187D40DD0064FF72 /* Project object */ = {
			isa = PBXProject;
			attributes = {
				LastUpgradeCheck = 0500;
				ORGANIZATIONNAME = "Trevor Erik Carlson";
				TargetAttributes = {
					A4C2BC95187D40DD0064FF72 = {
						TestTargetID = A4C2BC71187D40DD0064FF72;
					};
				};
			};
			buildConfigurationList = A4C2BC6D187D40DD0064FF72 /* Build configuration list for PBXProject "Map" */;
			compatibilityVersion = "Xcode 3.2";
			developmentRegion = English;
			hasScannedForEncodings = 0;
			knownRegions = (
				en,
				Base,
			);
			mainGroup = A4C2BC69187D40DD0064FF72;
			productRefGroup = A4C2BC73187D40DD0064FF72 /* Products */;
			projectDirPath = "";
			projectRoot = "";
			targets = (
				A4C2BC71187D40DD0064FF72 /* Map */,
				A4C2BC95187D40DD0064FF72 /* MapTests */,
			);
		};
/* End PBXProject section */

/* Begin PBXResourcesBuildPhase section */
		A4C2BC70187D40DD0064FF72 /* Resources */ = {
			isa = PBXResourcesBuildPhase;
			buildActionMask = 2147483647;
			files = (
				A486BEF2187DA0F800650F82 /* README.md in Resources */,
				A437B92B187E002B00265940 /* LICENSE.md in Resources */,
				A437B92E187E002B00265940 /* README.md in Resources */,
				A4C2BC8C187D40DD0064FF72 /* Main_iPad.storyboard in Resources */,
				A4C2BC91187D40DD0064FF72 /* Images.xcassets in Resources */,
				A4C2BC89187D40DD0064FF72 /* Main_iPhone.storyboard in Resources */,
				A486BEF3187DA0F800650F82 /* release_notes.md in Resources */,
				A4C2BC80187D40DD0064FF72 /* InfoPlist.strings in Resources */,
				A4C2BCB4187D42BC0064FF72 /* GoogleMaps.bundle in Resources */,
			);
			runOnlyForDeploymentPostprocessing = 0;
		};
		A4C2BC94187D40DD0064FF72 /* Resources */ = {
			isa = PBXResourcesBuildPhase;
			buildActionMask = 2147483647;
			files = (
				A4C2BCA2187D40DD0064FF72 /* InfoPlist.strings in Resources */,
			);
			runOnlyForDeploymentPostprocessing = 0;
		};
/* End PBXResourcesBuildPhase section */

/* Begin PBXSourcesBuildPhase section */
		A4C2BC6E187D40DD0064FF72 /* Sources */ = {
			isa = PBXSourcesBuildPhase;
			buildActionMask = 2147483647;
			files = (
				A4C2BC8F187D40DD0064FF72 /* ViewController.m in Sources */,
				A437B935187E002C00265940 /* XMLRPCResponse.m in Sources */,
				A437B92C187E002B00265940 /* NSDataAdditions.m in Sources */,
				A437B931187E002C00265940 /* XMLRPCEncoder.m in Sources */,
				A437B933187E002C00265940 /* XMLRPCEventBasedParserDelegate.m in Sources */,
				A437B932187E002C00265940 /* XMLRPCEventBasedParser.m in Sources */,
				A4939392187F025700E2AFBB /* HMAC.m in Sources */,
				A437B934187E002C00265940 /* XMLRPCRequest.m in Sources */,
				A4C2BC86187D40DD0064FF72 /* AppDelegate.m in Sources */,
				A437B92D187E002B00265940 /* NSStringAdditions.m in Sources */,
				A437B90F187DEB2300265940 /* FetchData.m in Sources */,
				A437B930187E002C00265940 /* XMLRPCConnectionManager.m in Sources */,
				A4C2BC82187D40DD0064FF72 /* main.m in Sources */,
				A437B92F187E002C00265940 /* XMLRPCConnection.m in Sources */,
			);
			runOnlyForDeploymentPostprocessing = 0;
		};
		A4C2BC92187D40DD0064FF72 /* Sources */ = {
			isa = PBXSourcesBuildPhase;
			buildActionMask = 2147483647;
			files = (
				A4C2BCA4187D40DD0064FF72 /* MapTests.m in Sources */,
			);
			runOnlyForDeploymentPostprocessing = 0;
		};
/* End PBXSourcesBuildPhase section */

/* Begin PBXTargetDependency section */
		A4C2BC9C187D40DD0064FF72 /* PBXTargetDependency */ = {
			isa = PBXTargetDependency;
			target = A4C2BC71187D40DD0064FF72 /* Map */;
			targetProxy = A4C2BC9B187D40DD0064FF72 /* PBXContainerItemProxy */;
		};
/* End PBXTargetDependency section */

/* Begin PBXVariantGroup section */
		A4C2BC7E187D40DD0064FF72 /* InfoPlist.strings */ = {
			isa = PBXVariantGroup;
			children = (
				A4C2BC7F187D40DD0064FF72 /* en */,
			);
			name = InfoPlist.strings;
			sourceTree = "<group>";
		};
		A4C2BC87187D40DD0064FF72 /* Main_iPhone.storyboard */ = {
			isa = PBXVariantGroup;
			children = (
				A4C2BC88187D40DD0064FF72 /* Base */,
			);
			name = Main_iPhone.storyboard;
			sourceTree = "<group>";
		};
		A4C2BC8A187D40DD0064FF72 /* Main_iPad.storyboard */ = {
			isa = PBXVariantGroup;
			children = (
				A4C2BC8B187D40DD0064FF72 /* Base */,
			);
			name = Main_iPad.storyboard;
			sourceTree = "<group>";
		};
		A4C2BCA0187D40DD0064FF72 /* InfoPlist.strings */ = {
			isa = PBXVariantGroup;
			children = (
				A4C2BCA1187D40DD0064FF72 /* en */,
			);
			name = InfoPlist.strings;
			sourceTree = "<group>";
		};
/* End PBXVariantGroup section */

/* Begin XCBuildConfiguration section */
		A4C2BCA5187D40DD0064FF72 /* Debug */ = {
			isa = XCBuildConfiguration;
			buildSettings = {
				ALWAYS_SEARCH_USER_PATHS = NO;
				ARCHS = "$(ARCHS_STANDARD_INCLUDING_64_BIT)";
				CLANG_CXX_LANGUAGE_STANDARD = "gnu++0x";
				CLANG_CXX_LIBRARY = "libc++";
				CLANG_ENABLE_MODULES = YES;
				CLANG_ENABLE_OBJC_ARC = YES;
				CLANG_WARN_BOOL_CONVERSION = YES;
				CLANG_WARN_CONSTANT_CONVERSION = YES;
				CLANG_WARN_DIRECT_OBJC_ISA_USAGE = YES_ERROR;
				CLANG_WARN_EMPTY_BODY = YES;
				CLANG_WARN_ENUM_CONVERSION = YES;
				CLANG_WARN_INT_CONVERSION = YES;
				CLANG_WARN_OBJC_ROOT_CLASS = YES_ERROR;
				CLANG_WARN__DUPLICATE_METHOD_MATCH = YES;
				"CODE_SIGN_IDENTITY[sdk=*]" = "iPhone Developer";
				COPY_PHASE_STRIP = NO;
				GCC_C_LANGUAGE_STANDARD = gnu99;
				GCC_DYNAMIC_NO_PIC = NO;
				GCC_OPTIMIZATION_LEVEL = 0;
				GCC_PREPROCESSOR_DEFINITIONS = (
					"DEBUG=1",
					"$(inherited)",
				);
				GCC_SYMBOLS_PRIVATE_EXTERN = NO;
				GCC_WARN_64_TO_32_BIT_CONVERSION = YES;
				GCC_WARN_ABOUT_RETURN_TYPE = YES_ERROR;
				GCC_WARN_UNDECLARED_SELECTOR = YES;
				GCC_WARN_UNINITIALIZED_AUTOS = YES;
				GCC_WARN_UNUSED_FUNCTION = YES;
				GCC_WARN_UNUSED_VARIABLE = YES;
				IPHONEOS_DEPLOYMENT_TARGET = 7.0;
				ONLY_ACTIVE_ARCH = YES;
				OTHER_LDFLAGS = "-ObjC";
				SDKROOT = iphoneos;
				TARGETED_DEVICE_FAMILY = "1,2";
			};
			name = Debug;
		};
		A4C2BCA6187D40DD0064FF72 /* Release */ = {
			isa = XCBuildConfiguration;
			buildSettings = {
				ALWAYS_SEARCH_USER_PATHS = NO;
				ARCHS = "$(ARCHS_STANDARD_INCLUDING_64_BIT)";
				CLANG_CXX_LANGUAGE_STANDARD = "gnu++0x";
				CLANG_CXX_LIBRARY = "libc++";
				CLANG_ENABLE_MODULES = YES;
				CLANG_ENABLE_OBJC_ARC = YES;
				CLANG_WARN_BOOL_CONVERSION = YES;
				CLANG_WARN_CONSTANT_CONVERSION = YES;
				CLANG_WARN_DIRECT_OBJC_ISA_USAGE = YES_ERROR;
				CLANG_WARN_EMPTY_BODY = YES;
				CLANG_WARN_ENUM_CONVERSION = YES;
				CLANG_WARN_INT_CONVERSION = YES;
				CLANG_WARN_OBJC_ROOT_CLASS = YES_ERROR;
				CLANG_WARN__DUPLICATE_METHOD_MATCH = YES;
				"CODE_SIGN_IDENTITY[sdk=iphoneos*]" = "iPhone Developer";
				COPY_PHASE_STRIP = YES;
				ENABLE_NS_ASSERTIONS = NO;
				GCC_C_LANGUAGE_STANDARD = gnu99;
				GCC_WARN_64_TO_32_BIT_CONVERSION = YES;
				GCC_WARN_ABOUT_RETURN_TYPE = YES_ERROR;
				GCC_WARN_UNDECLARED_SELECTOR = YES;
				GCC_WARN_UNINITIALIZED_AUTOS = YES;
				GCC_WARN_UNUSED_FUNCTION = YES;
				GCC_WARN_UNUSED_VARIABLE = YES;
				IPHONEOS_DEPLOYMENT_TARGET = 7.0;
				OTHER_LDFLAGS = "-ObjC";
				SDKROOT = iphoneos;
				TARGETED_DEVICE_FAMILY = "1,2";
				VALIDATE_PRODUCT = YES;
			};
			name = Release;
		};
		A4C2BCA8187D40DD0064FF72 /* Debug */ = {
			isa = XCBuildConfiguration;
			buildSettings = {
				ASSETCATALOG_COMPILER_APPICON_NAME = AppIcon;
				ASSETCATALOG_COMPILER_LAUNCHIMAGE_NAME = LaunchImage;
				CLANG_ENABLE_OBJC_ARC = YES;
				FRAMEWORK_SEARCH_PATHS = (
					"$(inherited)",
					"/Users/tcarlson/Downloads/GoogleMaps-iOS-1.6.1",
					/Users/tcarlson/Documents/prog/kinisi/Map,
				);
				GCC_PRECOMPILE_PREFIX_HEADER = YES;
				GCC_PREFIX_HEADER = "Map/Map-Prefix.pch";
				INFOPLIST_FILE = "Map/Map-Info.plist";
				IPHONEOS_DEPLOYMENT_TARGET = 6.1;
				LIBRARY_SEARCH_PATHS = (
					"$(inherited)",
					/Users/tcarlson/Documents/prog/kinisi/Map/Map/TestFlightSDK2.2.0,
					"$(SDKROOT)/usr/lib/system",
				);
				PRODUCT_NAME = "$(TARGET_NAME)";
				TARGETED_DEVICE_FAMILY = "1,2";
				USER_HEADER_SEARCH_PATHS = "/Users/tcarlson/Documents/prog/kinisi/Map/kdbdallas-xmlrpc-ios-f28a13cc16ae";
				WRAPPER_EXTENSION = app;
			};
			name = Debug;
		};
		A4C2BCA9187D40DD0064FF72 /* Release */ = {
			isa = XCBuildConfiguration;
			buildSettings = {
				ASSETCATALOG_COMPILER_APPICON_NAME = AppIcon;
				ASSETCATALOG_COMPILER_LAUNCHIMAGE_NAME = LaunchImage;
				CLANG_ENABLE_OBJC_ARC = YES;
				FRAMEWORK_SEARCH_PATHS = (
					"$(inherited)",
					"/Users/tcarlson/Downloads/GoogleMaps-iOS-1.6.1",
					/Users/tcarlson/Documents/prog/kinisi/Map,
				);
				GCC_PRECOMPILE_PREFIX_HEADER = YES;
				GCC_PREFIX_HEADER = "Map/Map-Prefix.pch";
				INFOPLIST_FILE = "Map/Map-Info.plist";
				IPHONEOS_DEPLOYMENT_TARGET = 6.1;
				LIBRARY_SEARCH_PATHS = (
					"$(inherited)",
					/Users/tcarlson/Documents/prog/kinisi/Map/Map/TestFlightSDK2.2.0,
					"$(SDKROOT)/usr/lib/system",
				);
				PRODUCT_NAME = "$(TARGET_NAME)";
				TARGETED_DEVICE_FAMILY = "1,2";
				USER_HEADER_SEARCH_PATHS = "/Users/tcarlson/Documents/prog/kinisi/Map/kdbdallas-xmlrpc-ios-f28a13cc16ae";
				WRAPPER_EXTENSION = app;
			};
			name = Release;
		};
		A4C2BCAB187D40DD0064FF72 /* Debug */ = {
			isa = XCBuildConfiguration;
			buildSettings = {
				ARCHS = "$(ARCHS_STANDARD_INCLUDING_64_BIT)";
				BUNDLE_LOADER = "$(BUILT_PRODUCTS_DIR)/Map.app/Map";
				FRAMEWORK_SEARCH_PATHS = (
					"$(SDKROOT)/Developer/Library/Frameworks",
					"$(inherited)",
					"$(DEVELOPER_FRAMEWORKS_DIR)",
				);
				GCC_PRECOMPILE_PREFIX_HEADER = YES;
				GCC_PREFIX_HEADER = "Map/Map-Prefix.pch";
				GCC_PREPROCESSOR_DEFINITIONS = (
					"DEBUG=1",
					"$(inherited)",
				);
				INFOPLIST_FILE = "MapTests/MapTests-Info.plist";
				PRODUCT_NAME = "$(TARGET_NAME)";
				TEST_HOST = "$(BUNDLE_LOADER)";
				WRAPPER_EXTENSION = xctest;
			};
			name = Debug;
		};
		A4C2BCAC187D40DD0064FF72 /* Release */ = {
			isa = XCBuildConfiguration;
			buildSettings = {
				ARCHS = "$(ARCHS_STANDARD_INCLUDING_64_BIT)";
				BUNDLE_LOADER = "$(BUILT_PRODUCTS_DIR)/Map.app/Map";
				FRAMEWORK_SEARCH_PATHS = (
					"$(SDKROOT)/Developer/Library/Frameworks",
					"$(inherited)",
					"$(DEVELOPER_FRAMEWORKS_DIR)",
				);
				GCC_PRECOMPILE_PREFIX_HEADER = YES;
				GCC_PREFIX_HEADER = "Map/Map-Prefix.pch";
				INFOPLIST_FILE = "MapTests/MapTests-Info.plist";
				PRODUCT_NAME = "$(TARGET_NAME)";
				TEST_HOST = "$(BUNDLE_LOADER)";
				WRAPPER_EXTENSION = xctest;
			};
			name = Release;
		};
/* End XCBuildConfiguration section */

/* Begin XCConfigurationList section */
		A4C2BC6D187D40DD0064FF72 /* Build configuration list for PBXProject "Map" */ = {
			isa = XCConfigurationList;
			buildConfigurations = (
				A4C2BCA5187D40DD0064FF72 /* Debug */,
				A4C2BCA6187D40DD0064FF72 /* Release */,
			);
			defaultConfigurationIsVisible = 0;
			defaultConfigurationName = Release;
		};
		A4C2BCA7187D40DD0064FF72 /* Build configuration list for PBXNativeTarget "Map" */ = {
			isa = XCConfigurationList;
			buildConfigurations = (
				A4C2BCA8187D40DD0064FF72 /* Debug */,
				A4C2BCA9187D40DD0064FF72 /* Release */,
			);
			defaultConfigurationIsVisible = 0;
			defaultConfigurationName = Release;
		};
		A4C2BCAA187D40DD0064FF72 /* Build configuration list for PBXNativeTarget "MapTests" */ = {
			isa = XCConfigurationList;
			buildConfigurations = (
				A4C2BCAB187D40DD0064FF72 /* Debug */,
				A4C2BCAC187D40DD0064FF72 /* Release */,
			);
			defaultConfigurationIsVisible = 0;
			defaultConfigurationName = Release;
		};
/* End XCConfigurationList section */
	};
	rootObject = A4C2BC6A187D40DD0064FF72 /* Project object */;
}
